// !$*UTF8*$!
{
	archiveVersion = 1;
	classes = {
	};
	objectVersion = 50;
	objects = {

/* Begin PBXBuildFile section */
		771ED5662326B57D0024329F /* AppDelegate.swift in Sources */ = {isa = PBXBuildFile; fileRef = 771ED5652326B57D0024329F /* AppDelegate.swift */; };
		771ED56B2326B57D0024329F /* Main.storyboard in Resources */ = {isa = PBXBuildFile; fileRef = 771ED5692326B57D0024329F /* Main.storyboard */; };
		771ED56D2326B57F0024329F /* Assets.xcassets in Resources */ = {isa = PBXBuildFile; fileRef = 771ED56C2326B57F0024329F /* Assets.xcassets */; };
		771ED5702326B57F0024329F /* LaunchScreen.storyboard in Resources */ = {isa = PBXBuildFile; fileRef = 771ED56E2326B57F0024329F /* LaunchScreen.storyboard */; };
		778E461C232F4F4300D7A865 /* Saira-Regular.ttf in Resources */ = {isa = PBXBuildFile; fileRef = 778E461B232F4F4300D7A865 /* Saira-Regular.ttf */; };
		778E461F232F50AE00D7A865 /* chosence.regular.otf in Resources */ = {isa = PBXBuildFile; fileRef = 778E461E232F50AE00D7A865 /* chosence.regular.otf */; };
		778E4621232F64C800D7A865 /* loginPageViewController.swift in Sources */ = {isa = PBXBuildFile; fileRef = 778E4620232F64C800D7A865 /* loginPageViewController.swift */; };
		778E4627232F65E300D7A865 /* NetworkEngine.swift in Sources */ = {isa = PBXBuildFile; fileRef = 778E4626232F65E300D7A865 /* NetworkEngine.swift */; };
/* End PBXBuildFile section */

/* Begin PBXFileReference section */
		771ED5622326B57D0024329F /* Enigma.app */ = {isa = PBXFileReference; explicitFileType = wrapper.application; includeInIndex = 0; path = Enigma.app; sourceTree = BUILT_PRODUCTS_DIR; };
		771ED5652326B57D0024329F /* AppDelegate.swift */ = {isa = PBXFileReference; lastKnownFileType = sourcecode.swift; path = AppDelegate.swift; sourceTree = "<group>"; };
		771ED56A2326B57D0024329F /* Base */ = {isa = PBXFileReference; lastKnownFileType = file.storyboard; name = Base; path = Base.lproj/Main.storyboard; sourceTree = "<group>"; };
		771ED56C2326B57F0024329F /* Assets.xcassets */ = {isa = PBXFileReference; lastKnownFileType = folder.assetcatalog; path = Assets.xcassets; sourceTree = "<group>"; };
		771ED56F2326B57F0024329F /* Base */ = {isa = PBXFileReference; lastKnownFileType = file.storyboard; name = Base; path = Base.lproj/LaunchScreen.storyboard; sourceTree = "<group>"; };
		771ED5712326B57F0024329F /* Info.plist */ = {isa = PBXFileReference; lastKnownFileType = text.plist.xml; path = Info.plist; sourceTree = "<group>"; };
		778E461B232F4F4300D7A865 /* Saira-Regular.ttf */ = {isa = PBXFileReference; lastKnownFileType = file; path = "Saira-Regular.ttf"; sourceTree = "<group>"; };
		778E461E232F50AE00D7A865 /* chosence.regular.otf */ = {isa = PBXFileReference; lastKnownFileType = file; path = chosence.regular.otf; sourceTree = "<group>"; };
		778E4620232F64C800D7A865 /* loginPageViewController.swift */ = {isa = PBXFileReference; lastKnownFileType = sourcecode.swift; path = loginPageViewController.swift; sourceTree = "<group>"; };
		778E4626232F65E300D7A865 /* NetworkEngine.swift */ = {isa = PBXFileReference; lastKnownFileType = sourcecode.swift; path = NetworkEngine.swift; sourceTree = "<group>"; };
/* End PBXFileReference section */

/* Begin PBXFrameworksBuildPhase section */
		771ED55F2326B57C0024329F /* Frameworks */ = {
			isa = PBXFrameworksBuildPhase;
			buildActionMask = 2147483647;
			files = (
			);
			runOnlyForDeploymentPostprocessing = 0;
		};
/* End PBXFrameworksBuildPhase section */

/* Begin PBXGroup section */
		771ED5592326B57C0024329F = {
			isa = PBXGroup;
			children = (
				771ED5642326B57D0024329F /* Enigma */,
				771ED5632326B57D0024329F /* Products */,
			);
			sourceTree = "<group>";
		};
		771ED5632326B57D0024329F /* Products */ = {
			isa = PBXGroup;
			children = (
				771ED5622326B57D0024329F /* Enigma.app */,
			);
			name = Products;
			sourceTree = "<group>";
		};
		771ED5642326B57D0024329F /* Enigma */ = {
			isa = PBXGroup;
			children = (
				778E4625232F655400D7A865 /* Model */,
				778E4622232F650F00D7A865 /* View */,
				778E4623232F651900D7A865 /* Controllers */,
				778E4624232F652E00D7A865 /* Helpers */,
				771ED5712326B57F0024329F /* Info.plist */,
			);
			path = Enigma;
			sourceTree = "<group>";
		};
		778E461D232F4F5700D7A865 /* Fonts */ = {
			isa = PBXGroup;
			children = (
				778E461E232F50AE00D7A865 /* chosence.regular.otf */,
				778E461B232F4F4300D7A865 /* Saira-Regular.ttf */,
			);
			path = Fonts;
			sourceTree = "<group>";
		};
		778E4622232F650F00D7A865 /* View */ = {
			isa = PBXGroup;
			children = (
				771ED5692326B57D0024329F /* Main.storyboard */,
				771ED56E2326B57F0024329F /* LaunchScreen.storyboard */,
			);
			path = View;
			sourceTree = "<group>";
		};
		778E4623232F651900D7A865 /* Controllers */ = {
			isa = PBXGroup;
			children = (
				778E4620232F64C800D7A865 /* loginPageViewController.swift */,
			);
			path = Controllers;
			sourceTree = "<group>";
		};
		778E4624232F652E00D7A865 /* Helpers */ = {
			isa = PBXGroup;
			children = (
				771ED5652326B57D0024329F /* AppDelegate.swift */,
				771ED56C2326B57F0024329F /* Assets.xcassets */,
				778E461D232F4F5700D7A865 /* Fonts */,
			);
			path = Helpers;
			sourceTree = "<group>";
		};
		778E4625232F655400D7A865 /* Model */ = {
			isa = PBXGroup;
			children = (
				778E4626232F65E300D7A865 /* NetworkEngine.swift */,
			);
			path = Model;
			sourceTree = "<group>";
		};
/* End PBXGroup section */

/* Begin PBXNativeTarget section */
		771ED5612326B57C0024329F /* Enigma */ = {
			isa = PBXNativeTarget;
			buildConfigurationList = 771ED5742326B57F0024329F /* Build configuration list for PBXNativeTarget "Enigma" */;
			buildPhases = (
				771ED55E2326B57C0024329F /* Sources */,
				771ED55F2326B57C0024329F /* Frameworks */,
				771ED5602326B57C0024329F /* Resources */,
			);
			buildRules = (
			);
			dependencies = (
			);
			name = Enigma;
			productName = Enigma;
			productReference = 771ED5622326B57D0024329F /* Enigma.app */;
			productType = "com.apple.product-type.application";
		};
/* End PBXNativeTarget section */

/* Begin PBXProject section */
		771ED55A2326B57C0024329F /* Project object */ = {
			isa = PBXProject;
			attributes = {
				LastSwiftUpdateCheck = 1010;
				LastUpgradeCheck = 1010;
				ORGANIZATIONNAME = "IEEE-VIT";
				TargetAttributes = {
					771ED5612326B57C0024329F = {
						CreatedOnToolsVersion = 10.1;
					};
				};
			};
			buildConfigurationList = 771ED55D2326B57C0024329F /* Build configuration list for PBXProject "Enigma" */;
			compatibilityVersion = "Xcode 9.3";
			developmentRegion = en;
			hasScannedForEncodings = 0;
			knownRegions = (
				en,
				Base,
			);
			mainGroup = 771ED5592326B57C0024329F;
			productRefGroup = 771ED5632326B57D0024329F /* Products */;
			projectDirPath = "";
			projectRoot = "";
			targets = (
				771ED5612326B57C0024329F /* Enigma */,
			);
		};
/* End PBXProject section */

/* Begin PBXResourcesBuildPhase section */
		771ED5602326B57C0024329F /* Resources */ = {
			isa = PBXResourcesBuildPhase;
			buildActionMask = 2147483647;
			files = (
				778E461F232F50AE00D7A865 /* chosence.regular.otf in Resources */,
				771ED5702326B57F0024329F /* LaunchScreen.storyboard in Resources */,
				771ED56D2326B57F0024329F /* Assets.xcassets in Resources */,
				778E461C232F4F4300D7A865 /* Saira-Regular.ttf in Resources */,
				771ED56B2326B57D0024329F /* Main.storyboard in Resources */,
			);
			runOnlyForDeploymentPostprocessing = 0;
		};
/* End PBXResourcesBuildPhase section */

/* Begin PBXSourcesBuildPhase section */
		771ED55E2326B57C0024329F /* Sources */ = {
			isa = PBXSourcesBuildPhase;
			buildActionMask = 2147483647;
			files = (
				771ED5662326B57D0024329F /* AppDelegate.swift in Sources */,
				778E4621232F64C800D7A865 /* loginPageViewController.swift in Sources */,
				778E4627232F65E300D7A865 /* NetworkEngine.swift in Sources */,
			);
			runOnlyForDeploymentPostprocessing = 0;
		};
/* End PBXSourcesBuildPhase section */

/* Begin PBXVariantGroup section */
		771ED5692326B57D0024329F /* Main.storyboard */ = {
			isa = PBXVariantGroup;
			children = (
				771ED56A2326B57D0024329F /* Base */,
			);
			name = Main.storyboard;
			sourceTree = "<group>";
		};
		771ED56E2326B57F0024329F /* LaunchScreen.storyboard */ = {
			isa = PBXVariantGroup;
			children = (
				771ED56F2326B57F0024329F /* Base */,
			);
			name = LaunchScreen.storyboard;
			sourceTree = "<group>";
		};
/* End PBXVariantGroup section */

/* Begin XCBuildConfiguration section */
		771ED5722326B57F0024329F /* Debug */ = {
			isa = XCBuildConfiguration;
			buildSettings = {
				ALWAYS_SEARCH_USER_PATHS = NO;
				CLANG_ANALYZER_NONNULL = YES;
				CLANG_ANALYZER_NUMBER_OBJECT_CONVERSION = YES_AGGRESSIVE;
				CLANG_CXX_LANGUAGE_STANDARD = "gnu++14";
				CLANG_CXX_LIBRARY = "libc++";
				CLANG_ENABLE_MODULES = YES;
				CLANG_ENABLE_OBJC_ARC = YES;
				CLANG_ENABLE_OBJC_WEAK = YES;
				CLANG_WARN_BLOCK_CAPTURE_AUTORELEASING = YES;
				CLANG_WARN_BOOL_CONVERSION = YES;
				CLANG_WARN_COMMA = YES;
				CLANG_WARN_CONSTANT_CONVERSION = YES;
				CLANG_WARN_DEPRECATED_OBJC_IMPLEMENTATIONS = YES;
				CLANG_WARN_DIRECT_OBJC_ISA_USAGE = YES_ERROR;
				CLANG_WARN_DOCUMENTATION_COMMENTS = YES;
				CLANG_WARN_EMPTY_BODY = YES;
				CLANG_WARN_ENUM_CONVERSION = YES;
				CLANG_WARN_INFINITE_RECURSION = YES;
				CLANG_WARN_INT_CONVERSION = YES;
				CLANG_WARN_NON_LITERAL_NULL_CONVERSION = YES;
				CLANG_WARN_OBJC_IMPLICIT_RETAIN_SELF = YES;
				CLANG_WARN_OBJC_LITERAL_CONVERSION = YES;
				CLANG_WARN_OBJC_ROOT_CLASS = YES_ERROR;
				CLANG_WARN_RANGE_LOOP_ANALYSIS = YES;
				CLANG_WARN_STRICT_PROTOTYPES = YES;
				CLANG_WARN_SUSPICIOUS_MOVE = YES;
				CLANG_WARN_UNGUARDED_AVAILABILITY = YES_AGGRESSIVE;
				CLANG_WARN_UNREACHABLE_CODE = YES;
				CLANG_WARN__DUPLICATE_METHOD_MATCH = YES;
				CODE_SIGN_IDENTITY = "iPhone Developer";
				COPY_PHASE_STRIP = NO;
				DEBUG_INFORMATION_FORMAT = dwarf;
				ENABLE_STRICT_OBJC_MSGSEND = YES;
				ENABLE_TESTABILITY = YES;
				GCC_C_LANGUAGE_STANDARD = gnu11;
				GCC_DYNAMIC_NO_PIC = NO;
				GCC_NO_COMMON_BLOCKS = YES;
				GCC_OPTIMIZATION_LEVEL = 0;
				GCC_PREPROCESSOR_DEFINITIONS = (
					"DEBUG=1",
					"$(inherited)",
				);
				GCC_WARN_64_TO_32_BIT_CONVERSION = YES;
				GCC_WARN_ABOUT_RETURN_TYPE = YES_ERROR;
				GCC_WARN_UNDECLARED_SELECTOR = YES;
				GCC_WARN_UNINITIALIZED_AUTOS = YES_AGGRESSIVE;
				GCC_WARN_UNUSED_FUNCTION = YES;
				GCC_WARN_UNUSED_VARIABLE = YES;
				IPHONEOS_DEPLOYMENT_TARGET = 12.1;
				MTL_ENABLE_DEBUG_INFO = INCLUDE_SOURCE;
				MTL_FAST_MATH = YES;
				ONLY_ACTIVE_ARCH = YES;
				SDKROOT = iphoneos;
				SWIFT_ACTIVE_COMPILATION_CONDITIONS = DEBUG;
				SWIFT_OPTIMIZATION_LEVEL = "-Onone";
			};
			name = Debug;
		};
		771ED5732326B57F0024329F /* Release */ = {
			isa = XCBuildConfiguration;
			buildSettings = {
				ALWAYS_SEARCH_USER_PATHS = NO;
				CLANG_ANALYZER_NONNULL = YES;
				CLANG_ANALYZER_NUMBER_OBJECT_CONVERSION = YES_AGGRESSIVE;
				CLANG_CXX_LANGUAGE_STANDARD = "gnu++14";
				CLANG_CXX_LIBRARY = "libc++";
				CLANG_ENABLE_MODULES = YES;
				CLANG_ENABLE_OBJC_ARC = YES;
				CLANG_ENABLE_OBJC_WEAK = YES;
				CLANG_WARN_BLOCK_CAPTURE_AUTORELEASING = YES;
				CLANG_WARN_BOOL_CONVERSION = YES;
				CLANG_WARN_COMMA = YES;
				CLANG_WARN_CONSTANT_CONVERSION = YES;
				CLANG_WARN_DEPRECATED_OBJC_IMPLEMENTATIONS = YES;
				CLANG_WARN_DIRECT_OBJC_ISA_USAGE = YES_ERROR;
				CLANG_WARN_DOCUMENTATION_COMMENTS = YES;
				CLANG_WARN_EMPTY_BODY = YES;
				CLANG_WARN_ENUM_CONVERSION = YES;
				CLANG_WARN_INFINITE_RECURSION = YES;
				CLANG_WARN_INT_CONVERSION = YES;
				CLANG_WARN_NON_LITERAL_NULL_CONVERSION = YES;
				CLANG_WARN_OBJC_IMPLICIT_RETAIN_SELF = YES;
				CLANG_WARN_OBJC_LITERAL_CONVERSION = YES;
				CLANG_WARN_OBJC_ROOT_CLASS = YES_ERROR;
				CLANG_WARN_RANGE_LOOP_ANALYSIS = YES;
				CLANG_WARN_STRICT_PROTOTYPES = YES;
				CLANG_WARN_SUSPICIOUS_MOVE = YES;
				CLANG_WARN_UNGUARDED_AVAILABILITY = YES_AGGRESSIVE;
				CLANG_WARN_UNREACHABLE_CODE = YES;
				CLANG_WARN__DUPLICATE_METHOD_MATCH = YES;
				CODE_SIGN_IDENTITY = "iPhone Developer";
				COPY_PHASE_STRIP = NO;
				DEBUG_INFORMATION_FORMAT = "dwarf-with-dsym";
				ENABLE_NS_ASSERTIONS = NO;
				ENABLE_STRICT_OBJC_MSGSEND = YES;
				GCC_C_LANGUAGE_STANDARD = gnu11;
				GCC_NO_COMMON_BLOCKS = YES;
				GCC_WARN_64_TO_32_BIT_CONVERSION = YES;
				GCC_WARN_ABOUT_RETURN_TYPE = YES_ERROR;
				GCC_WARN_UNDECLARED_SELECTOR = YES;
				GCC_WARN_UNINITIALIZED_AUTOS = YES_AGGRESSIVE;
				GCC_WARN_UNUSED_FUNCTION = YES;
				GCC_WARN_UNUSED_VARIABLE = YES;
				IPHONEOS_DEPLOYMENT_TARGET = 12.1;
				MTL_ENABLE_DEBUG_INFO = NO;
				MTL_FAST_MATH = YES;
				SDKROOT = iphoneos;
				SWIFT_COMPILATION_MODE = wholemodule;
				SWIFT_OPTIMIZATION_LEVEL = "-O";
				VALIDATE_PRODUCT = YES;
			};
			name = Release;
		};
		771ED5752326B57F0024329F /* Debug */ = {
			isa = XCBuildConfiguration;
			buildSettings = {
				ASSETCATALOG_COMPILER_APPICON_NAME = AppIcon;
				CODE_SIGN_STYLE = Automatic;
				DEVELOPMENT_TEAM = GTXX84TV93;
				INFOPLIST_FILE = Enigma/Info.plist;
				LD_RUNPATH_SEARCH_PATHS = (
					"$(inherited)",
					"@executable_path/Frameworks",
				);
				PRODUCT_BUNDLE_IDENTIFIER = com.ieeevit.Enigma;
				PRODUCT_NAME = "$(TARGET_NAME)";
				SWIFT_VERSION = 4.2;
				TARGETED_DEVICE_FAMILY = "1,2";
			};
			name = Debug;
		};
		771ED5762326B57F0024329F /* Release */ = {
			isa = XCBuildConfiguration;
			buildSettings = {
				ASSETCATALOG_COMPILER_APPICON_NAME = AppIcon;
				CODE_SIGN_STYLE = Automatic;
				DEVELOPMENT_TEAM = GTXX84TV93;
				INFOPLIST_FILE = Enigma/Info.plist;
				LD_RUNPATH_SEARCH_PATHS = (
					"$(inherited)",
					"@executable_path/Frameworks",
				);
				PRODUCT_BUNDLE_IDENTIFIER = com.ieeevit.Enigma;
				PRODUCT_NAME = "$(TARGET_NAME)";
				SWIFT_VERSION = 4.2;
				TARGETED_DEVICE_FAMILY = "1,2";
			};
			name = Release;
		};
/* End XCBuildConfiguration section */

/* Begin XCConfigurationList section */
		771ED55D2326B57C0024329F /* Build configuration list for PBXProject "Enigma" */ = {
			isa = XCConfigurationList;
			buildConfigurations = (
				771ED5722326B57F0024329F /* Debug */,
				771ED5732326B57F0024329F /* Release */,
			);
			defaultConfigurationIsVisible = 0;
			defaultConfigurationName = Release;
		};
		771ED5742326B57F0024329F /* Build configuration list for PBXNativeTarget "Enigma" */ = {
			isa = XCConfigurationList;
			buildConfigurations = (
				771ED5752326B57F0024329F /* Debug */,
				771ED5762326B57F0024329F /* Release */,
			);
			defaultConfigurationIsVisible = 0;
			defaultConfigurationName = Release;
		};
/* End XCConfigurationList section */
	};
	rootObject = 771ED55A2326B57C0024329F /* Project object */;
}
